
Microsoft Visual Studio Solution File, Format Version 12.00
# Visual Studio 15
VisualStudioVersion = 15.0.28307.1145
MinimumVisualStudioVersion = 10.0.40219.1
Project("{FAE04EC0-301F-11D3-BF4B-00C04F79EFBC}") = "RepairShop", "RepairShop\RepairShop.csproj", "{28047F28-4BEA-4176-BBBB-890CF3C9681B}"
EndProject
Global
	GlobalSection(SolutionConfigurationPlatforms) = preSolution
		Debug|Any CPU = Debug|Any CPU
		Release|Any CPU = Release|Any CPU
	EndGlobalSection
	GlobalSection(ProjectConfigurationPlatforms) = postSolution
		{28047F28-4BEA-4176-BBBB-890CF3C9681B}.Debug|Any CPU.ActiveCfg = Debug|Any CPU
		{28047F28-4BEA-4176-BBBB-890CF3C9681B}.Debug|Any CPU.Build.0 = Debug|Any CPU
		{28047F28-4BEA-4176-BBBB-890CF3C9681B}.Release|Any CPU.ActiveCfg = Release|Any CPU
		{28047F28-4BEA-4176-BBBB-890CF3C9681B}.Release|Any CPU.Build.0 = Release|Any CPU
	EndGlobalSection
	GlobalSection(SolutionProperties) = preSolution
		HideSolutionNode = FALSE
	EndGlobalSection
	GlobalSection(ExtensibilityGlobals) = postSolution
		SolutionGuid = {07FF2219-7DFA-47E4-8BF1-205B2B56F61E}
	EndGlobalSection
EndGlobal
